
Microsoft Visual Studio Solution File, Format Version 12.00
# Visual Studio Version 17
VisualStudioVersion = 17.11.35327.3
MinimumVisualStudioVersion = 10.0.40219.1
Project("{8BC9CEB8-8B4A-11D0-8D11-00A0C91BC942}") = "lab13Чащин", "lab13Чащин.vcxproj", "{03004852-FCEE-48CF-A65C-E43632346CDC}"
EndProject
Global
	GlobalSection(SolutionConfigurationPlatforms) = preSolution
		Debug|x64 = Debug|x64
		Debug|x86 = Debug|x86
		Release|x64 = Release|x64
		Release|x86 = Release|x86
	EndGlobalSection
	GlobalSection(ProjectConfigurationPlatforms) = postSolution
		{03004852-FCEE-48CF-A65C-E43632346CDC}.Debug|x64.ActiveCfg = Debug|x64
		{03004852-FCEE-48CF-A65C-E43632346CDC}.Debug|x64.Build.0 = Debug|x64
		{03004852-FCEE-48CF-A65C-E43632346CDC}.Debug|x86.ActiveCfg = Debug|Win32
		{03004852-FCEE-48CF-A65C-E43632346CDC}.Debug|x86.Build.0 = Debug|Win32
		{03004852-FCEE-48CF-A65C-E43632346CDC}.Release|x64.ActiveCfg = Release|x64
		{03004852-FCEE-48CF-A65C-E43632346CDC}.Release|x64.Build.0 = Release|x64
		{03004852-FCEE-48CF-A65C-E43632346CDC}.Release|x86.ActiveCfg = Release|Win32
		{03004852-FCEE-48CF-A65C-E43632346CDC}.Release|x86.Build.0 = Release|Win32
	EndGlobalSection
	GlobalSection(SolutionProperties) = preSolution
		HideSolutionNode = FALSE
	EndGlobalSection
	GlobalSection(ExtensibilityGlobals) = postSolution
		SolutionGuid = {E303CA6C-3398-4026-ABF9-EE4929A752EF}
	EndGlobalSection
EndGlobal
